
Microsoft Visual Studio Solution File, Format Version 12.00
# Visual Studio Version 17
VisualStudioVersion = 17.3.32929.385
MinimumVisualStudioVersion = 10.0.40219.1
Project("{FAE04EC0-301F-11D3-BF4B-00C04F79EFBC}") = "Workers Manager", "Workers Manager\Workers Manager.csproj", "{D3C405AB-C894-4B77-98A0-67C3CC5BAB70}"
EndProject
Global
	GlobalSection(SolutionConfigurationPlatforms) = preSolution
		Debug|Any CPU = Debug|Any CPU
		Release|Any CPU = Release|Any CPU
	EndGlobalSection
	GlobalSection(ProjectConfigurationPlatforms) = postSolution
		{D3C405AB-C894-4B77-98A0-67C3CC5BAB70}.Debug|Any CPU.ActiveCfg = Debug|Any CPU
		{D3C405AB-C894-4B77-98A0-67C3CC5BAB70}.Debug|Any CPU.Build.0 = Debug|Any CPU
		{D3C405AB-C894-4B77-98A0-67C3CC5BAB70}.Release|Any CPU.ActiveCfg = Release|Any CPU
		{D3C405AB-C894-4B77-98A0-67C3CC5BAB70}.Release|Any CPU.Build.0 = Release|Any CPU
	EndGlobalSection
	GlobalSection(SolutionProperties) = preSolution
		HideSolutionNode = FALSE
	EndGlobalSection
	GlobalSection(ExtensibilityGlobals) = postSolution
		SolutionGuid = {74F6B416-52D2-4F15-B4ED-278E502C248D}
	EndGlobalSection
EndGlobal
